
Microsoft Visual Studio Solution File, Format Version 12.00
# Visual Studio Version 17
VisualStudioVersion = 17.10.35013.160
MinimumVisualStudioVersion = 10.0.40219.1
Project("{FAE04EC0-301F-11D3-BF4B-00C04F79EFBC}") = "SchoolAttendacesApp", "SchoolAttendacesApp.csproj", "{74B7C1FE-0921-4B44-A31E-15E6D5B14473}"
EndProject
Global
	GlobalSection(SolutionConfigurationPlatforms) = preSolution
		Debug|Any CPU = Debug|Any CPU
		Release|Any CPU = Release|Any CPU
	EndGlobalSection
	GlobalSection(ProjectConfigurationPlatforms) = postSolution
		{74B7C1FE-0921-4B44-A31E-15E6D5B14473}.Debug|Any CPU.ActiveCfg = Debug|Any CPU
		{74B7C1FE-0921-4B44-A31E-15E6D5B14473}.Debug|Any CPU.Build.0 = Debug|Any CPU
		{74B7C1FE-0921-4B44-A31E-15E6D5B14473}.Release|Any CPU.ActiveCfg = Release|Any CPU
		{74B7C1FE-0921-4B44-A31E-15E6D5B14473}.Release|Any CPU.Build.0 = Release|Any CPU
	EndGlobalSection
	GlobalSection(SolutionProperties) = preSolution
		HideSolutionNode = FALSE
	EndGlobalSection
	GlobalSection(ExtensibilityGlobals) = postSolution
		SolutionGuid = {C69BB886-2700-47AA-8FDA-303F8C13743B}
	EndGlobalSection
EndGlobal
